
Microsoft Visual Studio Solution File, Format Version 12.00
# Visual Studio Version 16
VisualStudioVersion = 16.0.31005.135
MinimumVisualStudioVersion = 10.0.40219.1
Project("{8BC9CEB8-8B4A-11D0-8D11-00A0C91BC942}") = "tokeniser", "tokeniser\tokeniser.vcxproj", "{33F87D02-5D2D-4A73-8058-8F1C0965D409}"
EndProject
Project("{8BC9CEB8-8B4A-11D0-8D11-00A0C91BC942}") = "factors", "factors\factors.vcxproj", "{060FE38B-B6A2-4338-9DDD-175350884B45}"
EndProject
Global
	GlobalSection(SolutionConfigurationPlatforms) = preSolution
		Debug|x64 = Debug|x64
		Debug|x86 = Debug|x86
		Release|x64 = Release|x64
		Release|x86 = Release|x86
	EndGlobalSection
	GlobalSection(ProjectConfigurationPlatforms) = postSolution
		{33F87D02-5D2D-4A73-8058-8F1C0965D409}.Debug|x64.ActiveCfg = Debug|x64
		{33F87D02-5D2D-4A73-8058-8F1C0965D409}.Debug|x64.Build.0 = Debug|x64
		{33F87D02-5D2D-4A73-8058-8F1C0965D409}.Debug|x86.ActiveCfg = Debug|Win32
		{33F87D02-5D2D-4A73-8058-8F1C0965D409}.Debug|x86.Build.0 = Debug|Win32
		{33F87D02-5D2D-4A73-8058-8F1C0965D409}.Release|x64.ActiveCfg = Release|x64
		{33F87D02-5D2D-4A73-8058-8F1C0965D409}.Release|x64.Build.0 = Release|x64
		{33F87D02-5D2D-4A73-8058-8F1C0965D409}.Release|x86.ActiveCfg = Release|Win32
		{33F87D02-5D2D-4A73-8058-8F1C0965D409}.Release|x86.Build.0 = Release|Win32
		{060FE38B-B6A2-4338-9DDD-175350884B45}.Debug|x64.ActiveCfg = Debug|x64
		{060FE38B-B6A2-4338-9DDD-175350884B45}.Debug|x64.Build.0 = Debug|x64
		{060FE38B-B6A2-4338-9DDD-175350884B45}.Debug|x86.ActiveCfg = Debug|Win32
		{060FE38B-B6A2-4338-9DDD-175350884B45}.Debug|x86.Build.0 = Debug|Win32
		{060FE38B-B6A2-4338-9DDD-175350884B45}.Release|x64.ActiveCfg = Release|x64
		{060FE38B-B6A2-4338-9DDD-175350884B45}.Release|x64.Build.0 = Release|x64
		{060FE38B-B6A2-4338-9DDD-175350884B45}.Release|x86.ActiveCfg = Release|Win32
		{060FE38B-B6A2-4338-9DDD-175350884B45}.Release|x86.Build.0 = Release|Win32
	EndGlobalSection
	GlobalSection(SolutionProperties) = preSolution
		HideSolutionNode = FALSE
	EndGlobalSection
	GlobalSection(ExtensibilityGlobals) = postSolution
		SolutionGuid = {7C5187D2-0DF4-447B-A740-0C8BC5393516}
	EndGlobalSection
EndGlobal
